
Microsoft Visual Studio Solution File, Format Version 12.00
# Visual Studio 14
VisualStudioVersion = 14.0.25420.1
MinimumVisualStudioVersion = 10.0.40219.1
Project("{FAE04EC0-301F-11D3-BF4B-00C04F79EFBC}") = "GrabbingToSql", "GrabbingToSql\GrabbingToSql.csproj", "{7E0B77C2-3C5A-4FB3-8B1B-9FC83A3C3C2F}"
EndProject
Project("{FAE04EC0-301F-11D3-BF4B-00C04F79EFBC}") = "TestR", "TestR\TestR.csproj", "{BCA9D6EF-0BFE-422E-A4EA-73775617A006}"
EndProject
Global
	GlobalSection(SolutionConfigurationPlatforms) = preSolution
		Debug|Any CPU = Debug|Any CPU
		Release|Any CPU = Release|Any CPU
	EndGlobalSection
	GlobalSection(ProjectConfigurationPlatforms) = postSolution
		{7E0B77C2-3C5A-4FB3-8B1B-9FC83A3C3C2F}.Debug|Any CPU.ActiveCfg = Debug|Any CPU
		{7E0B77C2-3C5A-4FB3-8B1B-9FC83A3C3C2F}.Debug|Any CPU.Build.0 = Debug|Any CPU
		{7E0B77C2-3C5A-4FB3-8B1B-9FC83A3C3C2F}.Release|Any CPU.ActiveCfg = Release|Any CPU
		{7E0B77C2-3C5A-4FB3-8B1B-9FC83A3C3C2F}.Release|Any CPU.Build.0 = Release|Any CPU
		{BCA9D6EF-0BFE-422E-A4EA-73775617A006}.Debug|Any CPU.ActiveCfg = Debug|Any CPU
		{BCA9D6EF-0BFE-422E-A4EA-73775617A006}.Debug|Any CPU.Build.0 = Debug|Any CPU
		{BCA9D6EF-0BFE-422E-A4EA-73775617A006}.Release|Any CPU.ActiveCfg = Release|Any CPU
		{BCA9D6EF-0BFE-422E-A4EA-73775617A006}.Release|Any CPU.Build.0 = Release|Any CPU
	EndGlobalSection
	GlobalSection(SolutionProperties) = preSolution
		HideSolutionNode = FALSE
	EndGlobalSection
EndGlobal
